
Microsoft Visual Studio Solution File, Format Version 12.00
# Visual Studio Version 16
VisualStudioVersion = 16.0.30413.136
MinimumVisualStudioVersion = 10.0.40219.1
Project("{FAE04EC0-301F-11D3-BF4B-00C04F79EFBC}") = "kodArkadasim", "kodArkadasim\kodArkadasim.csproj", "{129408FC-03DC-49FB-8FFB-23706CF05D64}"
EndProject
Global
	GlobalSection(SolutionConfigurationPlatforms) = preSolution
		Debug|Any CPU = Debug|Any CPU
		Release|Any CPU = Release|Any CPU
	EndGlobalSection
	GlobalSection(ProjectConfigurationPlatforms) = postSolution
		{129408FC-03DC-49FB-8FFB-23706CF05D64}.Debug|Any CPU.ActiveCfg = Debug|Any CPU
		{129408FC-03DC-49FB-8FFB-23706CF05D64}.Debug|Any CPU.Build.0 = Debug|Any CPU
		{129408FC-03DC-49FB-8FFB-23706CF05D64}.Release|Any CPU.ActiveCfg = Release|Any CPU
		{129408FC-03DC-49FB-8FFB-23706CF05D64}.Release|Any CPU.Build.0 = Release|Any CPU
	EndGlobalSection
	GlobalSection(SolutionProperties) = preSolution
		HideSolutionNode = FALSE
	EndGlobalSection
	GlobalSection(ExtensibilityGlobals) = postSolution
		SolutionGuid = {5562B55E-6521-4ABF-A5B1-3EB093273DBC}
	EndGlobalSection
EndGlobal
